// !$*UTF8*$!
{
	archiveVersion = 1;
	classes = {
	};
	objectVersion = 46;
	objects = {

/* Begin PBXBuildFile section */
		923912BA1A506D38009CA1A8 /* AppDelegate.swift in Sources */ = {isa = PBXBuildFile; fileRef = 923912B91A506D38009CA1A8 /* AppDelegate.swift */; };
		923912BC1A506D38009CA1A8 /* ViewController.swift in Sources */ = {isa = PBXBuildFile; fileRef = 923912BB1A506D38009CA1A8 /* ViewController.swift */; };
		923912BF1A506D38009CA1A8 /* Main.storyboard in Resources */ = {isa = PBXBuildFile; fileRef = 923912BD1A506D38009CA1A8 /* Main.storyboard */; };
		923912C11A506D38009CA1A8 /* Images.xcassets in Resources */ = {isa = PBXBuildFile; fileRef = 923912C01A506D38009CA1A8 /* Images.xcassets */; };
		923912C41A506D38009CA1A8 /* LaunchScreen.xib in Resources */ = {isa = PBXBuildFile; fileRef = 923912C21A506D38009CA1A8 /* LaunchScreen.xib */; };
		923912D01A506D38009CA1A8 /* TasksTests.swift in Sources */ = {isa = PBXBuildFile; fileRef = 923912CF1A506D38009CA1A8 /* TasksTests.swift */; };
		923912DA1A508FF9009CA1A8 /* NewTaskViewController.swift in Sources */ = {isa = PBXBuildFile; fileRef = 923912D91A508FF9009CA1A8 /* NewTaskViewController.swift */; };
		923912DC1A509031009CA1A8 /* DetailedTaskViewController.swift in Sources */ = {isa = PBXBuildFile; fileRef = 923912DB1A509031009CA1A8 /* DetailedTaskViewController.swift */; };
		92E719421A571D1600CCF44C /* Tasks.swift in Sources */ = {isa = PBXBuildFile; fileRef = 92E719411A571D1600CCF44C /* Tasks.swift */; };
/* End PBXBuildFile section */

/* Begin PBXContainerItemProxy section */
		923912CA1A506D38009CA1A8 /* PBXContainerItemProxy */ = {
			isa = PBXContainerItemProxy;
			containerPortal = 923912AC1A506D38009CA1A8 /* Project object */;
			proxyType = 1;
			remoteGlobalIDString = 923912B31A506D38009CA1A8;
			remoteInfo = Tasks;
		};
/* End PBXContainerItemProxy section */

/* Begin PBXFileReference section */
		923912B41A506D38009CA1A8 /* Tasks.app */ = {isa = PBXFileReference; explicitFileType = wrapper.application; includeInIndex = 0; path = Tasks.app; sourceTree = BUILT_PRODUCTS_DIR; };
		923912B81A506D38009CA1A8 /* Info.plist */ = {isa = PBXFileReference; lastKnownFileType = text.plist.xml; path = Info.plist; sourceTree = "<group>"; };
		923912B91A506D38009CA1A8 /* AppDelegate.swift */ = {isa = PBXFileReference; lastKnownFileType = sourcecode.swift; path = AppDelegate.swift; sourceTree = "<group>"; };
		923912BB1A506D38009CA1A8 /* ViewController.swift */ = {isa = PBXFileReference; lastKnownFileType = sourcecode.swift; path = ViewController.swift; sourceTree = "<group>"; };
		923912BE1A506D38009CA1A8 /* Base */ = {isa = PBXFileReference; lastKnownFileType = file.storyboard; name = Base; path = Base.lproj/Main.storyboard; sourceTree = "<group>"; };
		923912C01A506D38009CA1A8 /* Images.xcassets */ = {isa = PBXFileReference; lastKnownFileType = folder.assetcatalog; path = Images.xcassets; sourceTree = "<group>"; };
		923912C31A506D38009CA1A8 /* Base */ = {isa = PBXFileReference; lastKnownFileType = file.xib; name = Base; path = Base.lproj/LaunchScreen.xib; sourceTree = "<group>"; };
		923912C91A506D38009CA1A8 /* TasksTests.xctest */ = {isa = PBXFileReference; explicitFileType = wrapper.cfbundle; includeInIndex = 0; path = TasksTests.xctest; sourceTree = BUILT_PRODUCTS_DIR; };
		923912CE1A506D38009CA1A8 /* Info.plist */ = {isa = PBXFileReference; lastKnownFileType = text.plist.xml; path = Info.plist; sourceTree = "<group>"; };
		923912CF1A506D38009CA1A8 /* TasksTests.swift */ = {isa = PBXFileReference; lastKnownFileType = sourcecode.swift; path = TasksTests.swift; sourceTree = "<group>"; };
		923912D91A508FF9009CA1A8 /* NewTaskViewController.swift */ = {isa = PBXFileReference; fileEncoding = 4; lastKnownFileType = sourcecode.swift; path = NewTaskViewController.swift; sourceTree = "<group>"; };
		923912DB1A509031009CA1A8 /* DetailedTaskViewController.swift */ = {isa = PBXFileReference; fileEncoding = 4; lastKnownFileType = sourcecode.swift; path = DetailedTaskViewController.swift; sourceTree = "<group>"; };
		92E719411A571D1600CCF44C /* Tasks.swift */ = {isa = PBXFileReference; fileEncoding = 4; lastKnownFileType = sourcecode.swift; path = Tasks.swift; sourceTree = "<group>"; };
/* End PBXFileReference section */

/* Begin PBXFrameworksBuildPhase section */
		923912B11A506D38009CA1A8 /* Frameworks */ = {
			isa = PBXFrameworksBuildPhase;
			buildActionMask = 2147483647;
			files = (
			);
			runOnlyForDeploymentPostprocessing = 0;
		};
		923912C61A506D38009CA1A8 /* Frameworks */ = {
			isa = PBXFrameworksBuildPhase;
			buildActionMask = 2147483647;
			files = (
			);
			runOnlyForDeploymentPostprocessing = 0;
		};
/* End PBXFrameworksBuildPhase section */

/* Begin PBXGroup section */
		923912AB1A506D38009CA1A8 = {
			isa = PBXGroup;
			children = (
				923912B61A506D38009CA1A8 /* Tasks */,
				923912CC1A506D38009CA1A8 /* TasksTests */,
				923912B51A506D38009CA1A8 /* Products */,
			);
			sourceTree = "<group>";
		};
		923912B51A506D38009CA1A8 /* Products */ = {
			isa = PBXGroup;
			children = (
				923912B41A506D38009CA1A8 /* Tasks.app */,
				923912C91A506D38009CA1A8 /* TasksTests.xctest */,
			);
			name = Products;
			sourceTree = "<group>";
		};
		923912B61A506D38009CA1A8 /* Tasks */ = {
			isa = PBXGroup;
			children = (
				923912B91A506D38009CA1A8 /* AppDelegate.swift */,
				923912BB1A506D38009CA1A8 /* ViewController.swift */,
				92E719411A571D1600CCF44C /* Tasks.swift */,
				923912BD1A506D38009CA1A8 /* Main.storyboard */,
				923912D91A508FF9009CA1A8 /* NewTaskViewController.swift */,
				923912DB1A509031009CA1A8 /* DetailedTaskViewController.swift */,
				923912C01A506D38009CA1A8 /* Images.xcassets */,
				923912C21A506D38009CA1A8 /* LaunchScreen.xib */,
				923912B71A506D38009CA1A8 /* Supporting Files */,
			);
			path = Tasks;
			sourceTree = "<group>";
		};
		923912B71A506D38009CA1A8 /* Supporting Files */ = {
			isa = PBXGroup;
			children = (
				923912B81A506D38009CA1A8 /* Info.plist */,
			);
			name = "Supporting Files";
			sourceTree = "<group>";
		};
		923912CC1A506D38009CA1A8 /* TasksTests */ = {
			isa = PBXGroup;
			children = (
				923912CF1A506D38009CA1A8 /* TasksTests.swift */,
				923912CD1A506D38009CA1A8 /* Supporting Files */,
			);
			path = TasksTests;
			sourceTree = "<group>";
		};
		923912CD1A506D38009CA1A8 /* Supporting Files */ = {
			isa = PBXGroup;
			children = (
				923912CE1A506D38009CA1A8 /* Info.plist */,
			);
			name = "Supporting Files";
			sourceTree = "<group>";
		};
/* End PBXGroup section */

/* Begin PBXNativeTarget section */
		923912B31A506D38009CA1A8 /* Tasks */ = {
			isa = PBXNativeTarget;
			buildConfigurationList = 923912D31A506D38009CA1A8 /* Build configuration list for PBXNativeTarget "Tasks" */;
			buildPhases = (
				923912B01A506D38009CA1A8 /* Sources */,
				923912B11A506D38009CA1A8 /* Frameworks */,
				923912B21A506D38009CA1A8 /* Resources */,
			);
			buildRules = (
			);
			dependencies = (
			);
			name = Tasks;
			productName = Tasks;
			productReference = 923912B41A506D38009CA1A8 /* Tasks.app */;
			productType = "com.apple.product-type.application";
		};
		923912C81A506D38009CA1A8 /* TasksTests */ = {
			isa = PBXNativeTarget;
			buildConfigurationList = 923912D61A506D38009CA1A8 /* Build configuration list for PBXNativeTarget "TasksTests" */;
			buildPhases = (
				923912C51A506D38009CA1A8 /* Sources */,
				923912C61A506D38009CA1A8 /* Frameworks */,
				923912C71A506D38009CA1A8 /* Resources */,
			);
			buildRules = (
			);
			dependencies = (
				923912CB1A506D38009CA1A8 /* PBXTargetDependency */,
			);
			name = TasksTests;
			productName = TasksTests;
			productReference = 923912C91A506D38009CA1A8 /* TasksTests.xctest */;
			productType = "com.apple.product-type.bundle.unit-test";
		};
/* End PBXNativeTarget section */

/* Begin PBXProject section */
		923912AC1A506D38009CA1A8 /* Project object */ = {
			isa = PBXProject;
			attributes = {
				LastUpgradeCheck = 0610;
				ORGANIZATIONNAME = "Денис Львович";
				TargetAttributes = {
					923912B31A506D38009CA1A8 = {
						CreatedOnToolsVersion = 6.1.1;
					};
					923912C81A506D38009CA1A8 = {
						CreatedOnToolsVersion = 6.1.1;
						TestTargetID = 923912B31A506D38009CA1A8;
					};
				};
			};
			buildConfigurationList = 923912AF1A506D38009CA1A8 /* Build configuration list for PBXProject "Tasks" */;
			compatibilityVersion = "Xcode 3.2";
			developmentRegion = English;
			hasScannedForEncodings = 0;
			knownRegions = (
				en,
				Base,
			);
			mainGroup = 923912AB1A506D38009CA1A8;
			productRefGroup = 923912B51A506D38009CA1A8 /* Products */;
			projectDirPath = "";
			projectRoot = "";
			targets = (
				923912B31A506D38009CA1A8 /* Tasks */,
				923912C81A506D38009CA1A8 /* TasksTests */,
			);
		};
/* End PBXProject section */

/* Begin PBXResourcesBuildPhase section */
		923912B21A506D38009CA1A8 /* Resources */ = {
			isa = PBXResourcesBuildPhase;
			buildActionMask = 2147483647;
			files = (
				923912BF1A506D38009CA1A8 /* Main.storyboard in Resources */,
				923912C41A506D38009CA1A8 /* LaunchScreen.xib in Resources */,
				923912C11A506D38009CA1A8 /* Images.xcassets in Resources */,
			);
			runOnlyForDeploymentPostprocessing = 0;
		};
		923912C71A506D38009CA1A8 /* Resources */ = {
			isa = PBXResourcesBuildPhase;
			buildActionMask = 2147483647;
			files = (
			);
			runOnlyForDeploymentPostprocessing = 0;
		};
/* End PBXResourcesBuildPhase section */

/* Begin PBXSourcesBuildPhase section */
		923912B01A506D38009CA1A8 /* Sources */ = {
			isa = PBXSourcesBuildPhase;
			buildActionMask = 2147483647;
			files = (
				923912BC1A506D38009CA1A8 /* ViewController.swift in Sources */,
				923912DA1A508FF9009CA1A8 /* NewTaskViewController.swift in Sources */,
				923912DC1A509031009CA1A8 /* DetailedTaskViewController.swift in Sources */,
				92E719421A571D1600CCF44C /* Tasks.swift in Sources */,
				923912BA1A506D38009CA1A8 /* AppDelegate.swift in Sources */,
			);
			runOnlyForDeploymentPostprocessing = 0;
		};
		923912C51A506D38009CA1A8 /* Sources */ = {
			isa = PBXSourcesBuildPhase;
			buildActionMask = 2147483647;
			files = (
				923912D01A506D38009CA1A8 /* TasksTests.swift in Sources */,
			);
			runOnlyForDeploymentPostprocessing = 0;
		};
/* End PBXSourcesBuildPhase section */

/* Begin PBXTargetDependency section */
		923912CB1A506D38009CA1A8 /* PBXTargetDependency */ = {
			isa = PBXTargetDependency;
			target = 923912B31A506D38009CA1A8 /* Tasks */;
			targetProxy = 923912CA1A506D38009CA1A8 /* PBXContainerItemProxy */;
		};
/* End PBXTargetDependency section */

/* Begin PBXVariantGroup section */
		923912BD1A506D38009CA1A8 /* Main.storyboard */ = {
			isa = PBXVariantGroup;
			children = (
				923912BE1A506D38009CA1A8 /* Base */,
			);
			name = Main.storyboard;
			sourceTree = "<group>";
		};
		923912C21A506D38009CA1A8 /* LaunchScreen.xib */ = {
			isa = PBXVariantGroup;
			children = (
				923912C31A506D38009CA1A8 /* Base */,
			);
			name = LaunchScreen.xib;
			sourceTree = "<group>";
		};
/* End PBXVariantGroup section */

/* Begin XCBuildConfiguration section */
		923912D11A506D38009CA1A8 /* Debug */ = {
			isa = XCBuildConfiguration;
			buildSettings = {
				ALWAYS_SEARCH_USER_PATHS = NO;
				CLANG_CXX_LANGUAGE_STANDARD = "gnu++0x";
				CLANG_CXX_LIBRARY = "libc++";
				CLANG_ENABLE_MODULES = YES;
				CLANG_ENABLE_OBJC_ARC = YES;
				CLANG_WARN_BOOL_CONVERSION = YES;
				CLANG_WARN_CONSTANT_CONVERSION = YES;
				CLANG_WARN_DIRECT_OBJC_ISA_USAGE = YES_ERROR;
				CLANG_WARN_EMPTY_BODY = YES;
				CLANG_WARN_ENUM_CONVERSION = YES;
				CLANG_WARN_INT_CONVERSION = YES;
				CLANG_WARN_OBJC_ROOT_CLASS = YES_ERROR;
				CLANG_WARN_UNREACHABLE_CODE = YES;
				CLANG_WARN__DUPLICATE_METHOD_MATCH = YES;
				"CODE_SIGN_IDENTITY[sdk=iphoneos*]" = "iPhone Developer";
				COPY_PHASE_STRIP = NO;
				ENABLE_STRICT_OBJC_MSGSEND = YES;
				GCC_C_LANGUAGE_STANDARD = gnu99;
				GCC_DYNAMIC_NO_PIC = NO;
				GCC_OPTIMIZATION_LEVEL = 0;
				GCC_PREPROCESSOR_DEFINITIONS = (
					"DEBUG=1",
					"$(inherited)",
				);
				GCC_SYMBOLS_PRIVATE_EXTERN = NO;
				GCC_WARN_64_TO_32_BIT_CONVERSION = YES;
				GCC_WARN_ABOUT_RETURN_TYPE = YES_ERROR;
				GCC_WARN_UNDECLARED_SELECTOR = YES;
				GCC_WARN_UNINITIALIZED_AUTOS = YES_AGGRESSIVE;
				GCC_WARN_UNUSED_FUNCTION = YES;
				GCC_WARN_UNUSED_VARIABLE = YES;
				IPHONEOS_DEPLOYMENT_TARGET = 8.1;
				MTL_ENABLE_DEBUG_INFO = YES;
				ONLY_ACTIVE_ARCH = YES;
				SDKROOT = iphoneos;
				SWIFT_OPTIMIZATION_LEVEL = "-Onone";
			};
			name = Debug;
		};
		923912D21A506D38009CA1A8 /* Release */ = {
			isa = XCBuildConfiguration;
			buildSettings = {
				ALWAYS_SEARCH_USER_PATHS = NO;
				CLANG_CXX_LANGUAGE_STANDARD = "gnu++0x";
				CLANG_CXX_LIBRARY = "libc++";
				CLANG_ENABLE_MODULES = YES;
				CLANG_ENABLE_OBJC_ARC = YES;
				CLANG_WARN_BOOL_CONVERSION = YES;
				CLANG_WARN_CONSTANT_CONVERSION = YES;
				CLANG_WARN_DIRECT_OBJC_ISA_USAGE = YES_ERROR;
				CLANG_WARN_EMPTY_BODY = YES;
				CLANG_WARN_ENUM_CONVERSION = YES;
				CLANG_WARN_INT_CONVERSION = YES;
				CLANG_WARN_OBJC_ROOT_CLASS = YES_ERROR;
				CLANG_WARN_UNREACHABLE_CODE = YES;
				CLANG_WARN__DUPLICATE_METHOD_MATCH = YES;
				"CODE_SIGN_IDENTITY[sdk=iphoneos*]" = "iPhone Developer";
				COPY_PHASE_STRIP = YES;
				ENABLE_NS_ASSERTIONS = NO;
				ENABLE_STRICT_OBJC_MSGSEND = YES;
				GCC_C_LANGUAGE_STANDARD = gnu99;
				GCC_WARN_64_TO_32_BIT_CONVERSION = YES;
				GCC_WARN_ABOUT_RETURN_TYPE = YES_ERROR;
				GCC_WARN_UNDECLARED_SELECTOR = YES;
				GCC_WARN_UNINITIALIZED_AUTOS = YES_AGGRESSIVE;
				GCC_WARN_UNUSED_FUNCTION = YES;
				GCC_WARN_UNUSED_VARIABLE = YES;
				IPHONEOS_DEPLOYMENT_TARGET = 8.1;
				MTL_ENABLE_DEBUG_INFO = NO;
				SDKROOT = iphoneos;
				VALIDATE_PRODUCT = YES;
			};
			name = Release;
		};
		923912D41A506D38009CA1A8 /* Debug */ = {
			isa = XCBuildConfiguration;
			buildSettings = {
				ASSETCATALOG_COMPILER_APPICON_NAME = AppIcon;
				INFOPLIST_FILE = Tasks/Info.plist;
				IPHONEOS_DEPLOYMENT_TARGET = 7.1;
				LD_RUNPATH_SEARCH_PATHS = "$(inherited) @executable_path/Frameworks";
				PRODUCT_NAME = "$(TARGET_NAME)";
			};
			name = Debug;
		};
		923912D51A506D38009CA1A8 /* Release */ = {
			isa = XCBuildConfiguration;
			buildSettings = {
				ASSETCATALOG_COMPILER_APPICON_NAME = AppIcon;
				INFOPLIST_FILE = Tasks/Info.plist;
				IPHONEOS_DEPLOYMENT_TARGET = 7.1;
				LD_RUNPATH_SEARCH_PATHS = "$(inherited) @executable_path/Frameworks";
				PRODUCT_NAME = "$(TARGET_NAME)";
			};
			name = Release;
		};
		923912D71A506D38009CA1A8 /* Debug */ = {
			isa = XCBuildConfiguration;
			buildSettings = {
				BUNDLE_LOADER = "$(TEST_HOST)";
				FRAMEWORK_SEARCH_PATHS = (
					"$(SDKROOT)/Developer/Library/Frameworks",
					"$(inherited)",
				);
				GCC_PREPROCESSOR_DEFINITIONS = (
					"DEBUG=1",
					"$(inherited)",
				);
				INFOPLIST_FILE = TasksTests/Info.plist;
				LD_RUNPATH_SEARCH_PATHS = "$(inherited) @executable_path/Frameworks @loader_path/Frameworks";
				PRODUCT_NAME = "$(TARGET_NAME)";
				TEST_HOST = "$(BUILT_PRODUCTS_DIR)/Tasks.app/Tasks";
			};
			name = Debug;
		};
		923912D81A506D38009CA1A8 /* Release */ = {
			isa = XCBuildConfiguration;
			buildSettings = {
				BUNDLE_LOADER = "$(TEST_HOST)";
				FRAMEWORK_SEARCH_PATHS = (
					"$(SDKROOT)/Developer/Library/Frameworks",
					"$(inherited)",
				);
				INFOPLIST_FILE = TasksTests/Info.plist;
				LD_RUNPATH_SEARCH_PATHS = "$(inherited) @executable_path/Frameworks @loader_path/Frameworks";
				PRODUCT_NAME = "$(TARGET_NAME)";
				TEST_HOST = "$(BUILT_PRODUCTS_DIR)/Tasks.app/Tasks";
			};
			name = Release;
		};
/* End XCBuildConfiguration section */

/* Begin XCConfigurationList section */
		923912AF1A506D38009CA1A8 /* Build configuration list for PBXProject "Tasks" */ = {
			isa = XCConfigurationList;
			buildConfigurations = (
				923912D11A506D38009CA1A8 /* Debug */,
				923912D21A506D38009CA1A8 /* Release */,
			);
			defaultConfigurationIsVisible = 0;
			defaultConfigurationName = Release;
		};
		923912D31A506D38009CA1A8 /* Build configuration list for PBXNativeTarget "Tasks" */ = {
			isa = XCConfigurationList;
			buildConfigurations = (
				923912D41A506D38009CA1A8 /* Debug */,
				923912D51A506D38009CA1A8 /* Release */,
			);
			defaultConfigurationIsVisible = 0;
			defaultConfigurationName = Release;
		};
		923912D61A506D38009CA1A8 /* Build configuration list for PBXNativeTarget "TasksTests" */ = {
			isa = XCConfigurationList;
			buildConfigurations = (
				923912D71A506D38009CA1A8 /* Debug */,
				923912D81A506D38009CA1A8 /* Release */,
			);
			defaultConfigurationIsVisible = 0;
			defaultConfigurationName = Release;
		};
/* End XCConfigurationList section */
	};
	rootObject = 923912AC1A506D38009CA1A8 /* Project object */;
}
